// !$*UTF8*$!
{
	archiveVersion = 1;
	classes = {
	};
	objectVersion = 46;
	objects = {

/* Begin PBXBuildFile section */
		1FFE418F1EFBAE2E0049B005 /* AppDelegate.swift in Sources */ = {isa = PBXBuildFile; fileRef = 1FFE418E1EFBAE2E0049B005 /* AppDelegate.swift */; };
		1FFE41911EFBAE2E0049B005 /* ViewController.swift in Sources */ = {isa = PBXBuildFile; fileRef = 1FFE41901EFBAE2E0049B005 /* ViewController.swift */; };
		1FFE41941EFBAE2E0049B005 /* Main.storyboard in Resources */ = {isa = PBXBuildFile; fileRef = 1FFE41921EFBAE2E0049B005 /* Main.storyboard */; };
		1FFE41961EFBAE2E0049B005 /* Assets.xcassets in Resources */ = {isa = PBXBuildFile; fileRef = 1FFE41951EFBAE2E0049B005 /* Assets.xcassets */; };
		1FFE41991EFBAE2E0049B005 /* LaunchScreen.storyboard in Resources */ = {isa = PBXBuildFile; fileRef = 1FFE41971EFBAE2E0049B005 /* LaunchScreen.storyboard */; };
		1FFE41A41EFBAE2E0049B005 /* _5645646Tests.swift in Sources */ = {isa = PBXBuildFile; fileRef = 1FFE41A31EFBAE2E0049B005 /* _5645646Tests.swift */; };
		1FFE41AF1EFBAE2E0049B005 /* _5645646UITests.swift in Sources */ = {isa = PBXBuildFile; fileRef = 1FFE41AE1EFBAE2E0049B005 /* _5645646UITests.swift */; };
/* End PBXBuildFile section */

/* Begin PBXContainerItemProxy section */
		1FFE41A01EFBAE2E0049B005 /* PBXContainerItemProxy */ = {
			isa = PBXContainerItemProxy;
			containerPortal = 1FFE41831EFBAE2E0049B005 /* Project object */;
			proxyType = 1;
			remoteGlobalIDString = 1FFE418A1EFBAE2E0049B005;
			remoteInfo = 45645646;
		};
		1FFE41AB1EFBAE2E0049B005 /* PBXContainerItemProxy */ = {
			isa = PBXContainerItemProxy;
			containerPortal = 1FFE41831EFBAE2E0049B005 /* Project object */;
			proxyType = 1;
			remoteGlobalIDString = 1FFE418A1EFBAE2E0049B005;
			remoteInfo = 45645646;
		};
/* End PBXContainerItemProxy section */

/* Begin PBXFileReference section */
		1FFE418B1EFBAE2E0049B005 /* 45645646.app */ = {isa = PBXFileReference; explicitFileType = wrapper.application; includeInIndex = 0; path = 45645646.app; sourceTree = BUILT_PRODUCTS_DIR; };
		1FFE418E1EFBAE2E0049B005 /* AppDelegate.swift */ = {isa = PBXFileReference; lastKnownFileType = sourcecode.swift; path = AppDelegate.swift; sourceTree = "<group>"; };
		1FFE41901EFBAE2E0049B005 /* ViewController.swift */ = {isa = PBXFileReference; lastKnownFileType = sourcecode.swift; path = ViewController.swift; sourceTree = "<group>"; };
		1FFE41931EFBAE2E0049B005 /* Base */ = {isa = PBXFileReference; lastKnownFileType = file.storyboard; name = Base; path = Base.lproj/Main.storyboard; sourceTree = "<group>"; };
		1FFE41951EFBAE2E0049B005 /* Assets.xcassets */ = {isa = PBXFileReference; lastKnownFileType = folder.assetcatalog; path = Assets.xcassets; sourceTree = "<group>"; };
		1FFE41981EFBAE2E0049B005 /* Base */ = {isa = PBXFileReference; lastKnownFileType = file.storyboard; name = Base; path = Base.lproj/LaunchScreen.storyboard; sourceTree = "<group>"; };
		1FFE419A1EFBAE2E0049B005 /* Info.plist */ = {isa = PBXFileReference; lastKnownFileType = text.plist.xml; path = Info.plist; sourceTree = "<group>"; };
		1FFE419F1EFBAE2E0049B005 /* 45645646Tests.xctest */ = {isa = PBXFileReference; explicitFileType = wrapper.cfbundle; includeInIndex = 0; path = 45645646Tests.xctest; sourceTree = BUILT_PRODUCTS_DIR; };
		1FFE41A31EFBAE2E0049B005 /* _5645646Tests.swift */ = {isa = PBXFileReference; lastKnownFileType = sourcecode.swift; path = _5645646Tests.swift; sourceTree = "<group>"; };
		1FFE41A51EFBAE2E0049B005 /* Info.plist */ = {isa = PBXFileReference; lastKnownFileType = text.plist.xml; path = Info.plist; sourceTree = "<group>"; };
		1FFE41AA1EFBAE2E0049B005 /* 45645646UITests.xctest */ = {isa = PBXFileReference; explicitFileType = wrapper.cfbundle; includeInIndex = 0; path = 45645646UITests.xctest; sourceTree = BUILT_PRODUCTS_DIR; };
		1FFE41AE1EFBAE2E0049B005 /* _5645646UITests.swift */ = {isa = PBXFileReference; lastKnownFileType = sourcecode.swift; path = _5645646UITests.swift; sourceTree = "<group>"; };
		1FFE41B01EFBAE2E0049B005 /* Info.plist */ = {isa = PBXFileReference; lastKnownFileType = text.plist.xml; path = Info.plist; sourceTree = "<group>"; };
/* End PBXFileReference section */

/* Begin PBXFrameworksBuildPhase section */
		1FFE41881EFBAE2E0049B005 /* Frameworks */ = {
			isa = PBXFrameworksBuildPhase;
			buildActionMask = 2147483647;
			files = (
			);
			runOnlyForDeploymentPostprocessing = 0;
		};
		1FFE419C1EFBAE2E0049B005 /* Frameworks */ = {
			isa = PBXFrameworksBuildPhase;
			buildActionMask = 2147483647;
			files = (
			);
			runOnlyForDeploymentPostprocessing = 0;
		};
		1FFE41A71EFBAE2E0049B005 /* Frameworks */ = {
			isa = PBXFrameworksBuildPhase;
			buildActionMask = 2147483647;
			files = (
			);
			runOnlyForDeploymentPostprocessing = 0;
		};
/* End PBXFrameworksBuildPhase section */

/* Begin PBXGroup section */
		1FFE41821EFBAE2E0049B005 = {
			isa = PBXGroup;
			children = (
				1FFE418D1EFBAE2E0049B005 /* 45645646 */,
				1FFE41A21EFBAE2E0049B005 /* 45645646Tests */,
				1FFE41AD1EFBAE2E0049B005 /* 45645646UITests */,
				1FFE418C1EFBAE2E0049B005 /* Products */,
			);
			sourceTree = "<group>";
		};
		1FFE418C1EFBAE2E0049B005 /* Products */ = {
			isa = PBXGroup;
			children = (
				1FFE418B1EFBAE2E0049B005 /* 45645646.app */,
				1FFE419F1EFBAE2E0049B005 /* 45645646Tests.xctest */,
				1FFE41AA1EFBAE2E0049B005 /* 45645646UITests.xctest */,
			);
			name = Products;
			sourceTree = "<group>";
		};
		1FFE418D1EFBAE2E0049B005 /* 45645646 */ = {
			isa = PBXGroup;
			children = (
				1FFE418E1EFBAE2E0049B005 /* AppDelegate.swift */,
				1FFE41901EFBAE2E0049B005 /* ViewController.swift */,
				1FFE41921EFBAE2E0049B005 /* Main.storyboard */,
				1FFE41951EFBAE2E0049B005 /* Assets.xcassets */,
				1FFE41971EFBAE2E0049B005 /* LaunchScreen.storyboard */,
				1FFE419A1EFBAE2E0049B005 /* Info.plist */,
			);
			path = 45645646;
			sourceTree = "<group>";
		};
		1FFE41A21EFBAE2E0049B005 /* 45645646Tests */ = {
			isa = PBXGroup;
			children = (
				1FFE41A31EFBAE2E0049B005 /* _5645646Tests.swift */,
				1FFE41A51EFBAE2E0049B005 /* Info.plist */,
			);
			path = 45645646Tests;
			sourceTree = "<group>";
		};
		1FFE41AD1EFBAE2E0049B005 /* 45645646UITests */ = {
			isa = PBXGroup;
			children = (
				1FFE41AE1EFBAE2E0049B005 /* _5645646UITests.swift */,
				1FFE41B01EFBAE2E0049B005 /* Info.plist */,
			);
			path = 45645646UITests;
			sourceTree = "<group>";
		};
/* End PBXGroup section */

/* Begin PBXNativeTarget section */
		1FFE418A1EFBAE2E0049B005 /* 45645646 */ = {
			isa = PBXNativeTarget;
			buildConfigurationList = 1FFE41B31EFBAE2E0049B005 /* Build configuration list for PBXNativeTarget "45645646" */;
			buildPhases = (
				1FFE41871EFBAE2E0049B005 /* Sources */,
				1FFE41881EFBAE2E0049B005 /* Frameworks */,
				1FFE41891EFBAE2E0049B005 /* Resources */,
			);
			buildRules = (
			);
			dependencies = (
			);
			name = 45645646;
			productName = 45645646;
			productReference = 1FFE418B1EFBAE2E0049B005 /* 45645646.app */;
			productType = "com.apple.product-type.application";
		};
		1FFE419E1EFBAE2E0049B005 /* 45645646Tests */ = {
			isa = PBXNativeTarget;
			buildConfigurationList = 1FFE41B61EFBAE2E0049B005 /* Build configuration list for PBXNativeTarget "45645646Tests" */;
			buildPhases = (
				1FFE419B1EFBAE2E0049B005 /* Sources */,
				1FFE419C1EFBAE2E0049B005 /* Frameworks */,
				1FFE419D1EFBAE2E0049B005 /* Resources */,
			);
			buildRules = (
			);
			dependencies = (
				1FFE41A11EFBAE2E0049B005 /* PBXTargetDependency */,
			);
			name = 45645646Tests;
			productName = 45645646Tests;
			productReference = 1FFE419F1EFBAE2E0049B005 /* 45645646Tests.xctest */;
			productType = "com.apple.product-type.bundle.unit-test";
		};
		1FFE41A91EFBAE2E0049B005 /* 45645646UITests */ = {
			isa = PBXNativeTarget;
			buildConfigurationList = 1FFE41B91EFBAE2E0049B005 /* Build configuration list for PBXNativeTarget "45645646UITests" */;
			buildPhases = (
				1FFE41A61EFBAE2E0049B005 /* Sources */,
				1FFE41A71EFBAE2E0049B005 /* Frameworks */,
				1FFE41A81EFBAE2E0049B005 /* Resources */,
			);
			buildRules = (
			);
			dependencies = (
				1FFE41AC1EFBAE2E0049B005 /* PBXTargetDependency */,
			);
			name = 45645646UITests;
			productName = 45645646UITests;
			productReference = 1FFE41AA1EFBAE2E0049B005 /* 45645646UITests.xctest */;
			productType = "com.apple.product-type.bundle.ui-testing";
		};
/* End PBXNativeTarget section */

/* Begin PBXProject section */
		1FFE41831EFBAE2E0049B005 /* Project object */ = {
			isa = PBXProject;
			attributes = {
				LastSwiftUpdateCheck = 0820;
				LastUpgradeCheck = 0820;
				ORGANIZATIONNAME = "suwen-liang";
				TargetAttributes = {
					1FFE418A1EFBAE2E0049B005 = {
						CreatedOnToolsVersion = 8.2.1;
						ProvisioningStyle = Automatic;
					};
					1FFE419E1EFBAE2E0049B005 = {
						CreatedOnToolsVersion = 8.2.1;
						ProvisioningStyle = Automatic;
						TestTargetID = 1FFE418A1EFBAE2E0049B005;
					};
					1FFE41A91EFBAE2E0049B005 = {
						CreatedOnToolsVersion = 8.2.1;
						ProvisioningStyle = Automatic;
						TestTargetID = 1FFE418A1EFBAE2E0049B005;
					};
				};
			};
			buildConfigurationList = 1FFE41861EFBAE2E0049B005 /* Build configuration list for PBXProject "45645646" */;
			compatibilityVersion = "Xcode 3.2";
			developmentRegion = English;
			hasScannedForEncodings = 0;
			knownRegions = (
				en,
				Base,
			);
			mainGroup = 1FFE41821EFBAE2E0049B005;
			productRefGroup = 1FFE418C1EFBAE2E0049B005 /* Products */;
			projectDirPath = "";
			projectRoot = "";
			targets = (
				1FFE418A1EFBAE2E0049B005 /* 45645646 */,
				1FFE419E1EFBAE2E0049B005 /* 45645646Tests */,
				1FFE41A91EFBAE2E0049B005 /* 45645646UITests */,
			);
		};
/* End PBXProject section */

/* Begin PBXResourcesBuildPhase section */
		1FFE41891EFBAE2E0049B005 /* Resources */ = {
			isa = PBXResourcesBuildPhase;
			buildActionMask = 2147483647;
			files = (
				1FFE41991EFBAE2E0049B005 /* LaunchScreen.storyboard in Resources */,
				1FFE41961EFBAE2E0049B005 /* Assets.xcassets in Resources */,
				1FFE41941EFBAE2E0049B005 /* Main.storyboard in Resources */,
			);
			runOnlyForDeploymentPostprocessing = 0;
		};
		1FFE419D1EFBAE2E0049B005 /* Resources */ = {
			isa = PBXResourcesBuildPhase;
			buildActionMask = 2147483647;
			files = (
			);
			runOnlyForDeploymentPostprocessing = 0;
		};
		1FFE41A81EFBAE2E0049B005 /* Resources */ = {
			isa = PBXResourcesBuildPhase;
			buildActionMask = 2147483647;
			files = (
			);
			runOnlyForDeploymentPostprocessing = 0;
		};
/* End PBXResourcesBuildPhase section */

/* Begin PBXSourcesBuildPhase section */
		1FFE41871EFBAE2E0049B005 /* Sources */ = {
			isa = PBXSourcesBuildPhase;
			buildActionMask = 2147483647;
			files = (
				1FFE41911EFBAE2E0049B005 /* ViewController.swift in Sources */,
				1FFE418F1EFBAE2E0049B005 /* AppDelegate.swift in Sources */,
			);
			runOnlyForDeploymentPostprocessing = 0;
		};
		1FFE419B1EFBAE2E0049B005 /* Sources */ = {
			isa = PBXSourcesBuildPhase;
			buildActionMask = 2147483647;
			files = (
				1FFE41A41EFBAE2E0049B005 /* _5645646Tests.swift in Sources */,
			);
			runOnlyForDeploymentPostprocessing = 0;
		};
		1FFE41A61EFBAE2E0049B005 /* Sources */ = {
			isa = PBXSourcesBuildPhase;
			buildActionMask = 2147483647;
			files = (
				1FFE41AF1EFBAE2E0049B005 /* _5645646UITests.swift in Sources */,
			);
			runOnlyForDeploymentPostprocessing = 0;
		};
/* End PBXSourcesBuildPhase section */

/* Begin PBXTargetDependency section */
		1FFE41A11EFBAE2E0049B005 /* PBXTargetDependency */ = {
			isa = PBXTargetDependency;
			target = 1FFE418A1EFBAE2E0049B005 /* 45645646 */;
			targetProxy = 1FFE41A01EFBAE2E0049B005 /* PBXContainerItemProxy */;
		};
		1FFE41AC1EFBAE2E0049B005 /* PBXTargetDependency */ = {
			isa = PBXTargetDependency;
			target = 1FFE418A1EFBAE2E0049B005 /* 45645646 */;
			targetProxy = 1FFE41AB1EFBAE2E0049B005 /* PBXContainerItemProxy */;
		};
/* End PBXTargetDependency section */

/* Begin PBXVariantGroup section */
		1FFE41921EFBAE2E0049B005 /* Main.storyboard */ = {
			isa = PBXVariantGroup;
			children = (
				1FFE41931EFBAE2E0049B005 /* Base */,
			);
			name = Main.storyboard;
			sourceTree = "<group>";
		};
		1FFE41971EFBAE2E0049B005 /* LaunchScreen.storyboard */ = {
			isa = PBXVariantGroup;
			children = (
				1FFE41981EFBAE2E0049B005 /* Base */,
			);
			name = LaunchScreen.storyboard;
			sourceTree = "<group>";
		};
/* End PBXVariantGroup section */

/* Begin XCBuildConfiguration section */
		1FFE41B11EFBAE2E0049B005 /* Debug */ = {
			isa = XCBuildConfiguration;
			buildSettings = {
				ALWAYS_SEARCH_USER_PATHS = NO;
				CLANG_ANALYZER_NONNULL = YES;
				CLANG_CXX_LANGUAGE_STANDARD = "gnu++0x";
				CLANG_CXX_LIBRARY = "libc++";
				CLANG_ENABLE_MODULES = YES;
				CLANG_ENABLE_OBJC_ARC = YES;
				CLANG_WARN_BOOL_CONVERSION = YES;
				CLANG_WARN_CONSTANT_CONVERSION = YES;
				CLANG_WARN_DIRECT_OBJC_ISA_USAGE = YES_ERROR;
				CLANG_WARN_DOCUMENTATION_COMMENTS = YES;
				CLANG_WARN_EMPTY_BODY = YES;
				CLANG_WARN_ENUM_CONVERSION = YES;
				CLANG_WARN_INFINITE_RECURSION = YES;
				CLANG_WARN_INT_CONVERSION = YES;
				CLANG_WARN_OBJC_ROOT_CLASS = YES_ERROR;
				CLANG_WARN_SUSPICIOUS_MOVE = YES;
				CLANG_WARN_UNREACHABLE_CODE = YES;
				CLANG_WARN__DUPLICATE_METHOD_MATCH = YES;
				"CODE_SIGN_IDENTITY[sdk=iphoneos*]" = "iPhone Developer";
				COPY_PHASE_STRIP = NO;
				DEBUG_INFORMATION_FORMAT = dwarf;
				ENABLE_STRICT_OBJC_MSGSEND = YES;
				ENABLE_TESTABILITY = YES;
				GCC_C_LANGUAGE_STANDARD = gnu99;
				GCC_DYNAMIC_NO_PIC = NO;
				GCC_NO_COMMON_BLOCKS = YES;
				GCC_OPTIMIZATION_LEVEL = 0;
				GCC_PREPROCESSOR_DEFINITIONS = (
					"DEBUG=1",
					"$(inherited)",
				);
				GCC_WARN_64_TO_32_BIT_CONVERSION = YES;
				GCC_WARN_ABOUT_RETURN_TYPE = YES_ERROR;
				GCC_WARN_UNDECLARED_SELECTOR = YES;
				GCC_WARN_UNINITIALIZED_AUTOS = YES_AGGRESSIVE;
				GCC_WARN_UNUSED_FUNCTION = YES;
				GCC_WARN_UNUSED_VARIABLE = YES;
				IPHONEOS_DEPLOYMENT_TARGET = 10.2;
				MTL_ENABLE_DEBUG_INFO = YES;
				ONLY_ACTIVE_ARCH = YES;
				SDKROOT = iphoneos;
				SWIFT_ACTIVE_COMPILATION_CONDITIONS = DEBUG;
				SWIFT_OPTIMIZATION_LEVEL = "-Onone";
				TARGETED_DEVICE_FAMILY = "1,2";
			};
			name = Debug;
		};
		1FFE41B21EFBAE2E0049B005 /* Release */ = {
			isa = XCBuildConfiguration;
			buildSettings = {
				ALWAYS_SEARCH_USER_PATHS = NO;
				CLANG_ANALYZER_NONNULL = YES;
				CLANG_CXX_LANGUAGE_STANDARD = "gnu++0x";
				CLANG_CXX_LIBRARY = "libc++";
				CLANG_ENABLE_MODULES = YES;
				CLANG_ENABLE_OBJC_ARC = YES;
				CLANG_WARN_BOOL_CONVERSION = YES;
				CLANG_WARN_CONSTANT_CONVERSION = YES;
				CLANG_WARN_DIRECT_OBJC_ISA_USAGE = YES_ERROR;
				CLANG_WARN_DOCUMENTATION_COMMENTS = YES;
				CLANG_WARN_EMPTY_BODY = YES;
				CLANG_WARN_ENUM_CONVERSION = YES;
				CLANG_WARN_INFINITE_RECURSION = YES;
				CLANG_WARN_INT_CONVERSION = YES;
				CLANG_WARN_OBJC_ROOT_CLASS = YES_ERROR;
				CLANG_WARN_SUSPICIOUS_MOVE = YES;
				CLANG_WARN_UNREACHABLE_CODE = YES;
				CLANG_WARN__DUPLICATE_METHOD_MATCH = YES;
				"CODE_SIGN_IDENTITY[sdk=iphoneos*]" = "iPhone Developer";
				COPY_PHASE_STRIP = NO;
				DEBUG_INFORMATION_FORMAT = "dwarf-with-dsym";
				ENABLE_NS_ASSERTIONS = NO;
				ENABLE_STRICT_OBJC_MSGSEND = YES;
				GCC_C_LANGUAGE_STANDARD = gnu99;
				GCC_NO_COMMON_BLOCKS = YES;
				GCC_WARN_64_TO_32_BIT_CONVERSION = YES;
				GCC_WARN_ABOUT_RETURN_TYPE = YES_ERROR;
				GCC_WARN_UNDECLARED_SELECTOR = YES;
				GCC_WARN_UNINITIALIZED_AUTOS = YES_AGGRESSIVE;
				GCC_WARN_UNUSED_FUNCTION = YES;
				GCC_WARN_UNUSED_VARIABLE = YES;
				IPHONEOS_DEPLOYMENT_TARGET = 10.2;
				MTL_ENABLE_DEBUG_INFO = NO;
				SDKROOT = iphoneos;
				SWIFT_OPTIMIZATION_LEVEL = "-Owholemodule";
				TARGETED_DEVICE_FAMILY = "1,2";
				VALIDATE_PRODUCT = YES;
			};
			name = Release;
		};
		1FFE41B41EFBAE2E0049B005 /* Debug */ = {
			isa = XCBuildConfiguration;
			buildSettings = {
				ASSETCATALOG_COMPILER_APPICON_NAME = AppIcon;
				INFOPLIST_FILE = 45645646/Info.plist;
				LD_RUNPATH_SEARCH_PATHS = "$(inherited) @executable_path/Frameworks";
				PRODUCT_BUNDLE_IDENTIFIER = "-65.-5645646";
				PRODUCT_NAME = "$(TARGET_NAME)";
				SWIFT_VERSION = 3.0;
			};
			name = Debug;
		};
		1FFE41B51EFBAE2E0049B005 /* Release */ = {
			isa = XCBuildConfiguration;
			buildSettings = {
				ASSETCATALOG_COMPILER_APPICON_NAME = AppIcon;
				INFOPLIST_FILE = 45645646/Info.plist;
				LD_RUNPATH_SEARCH_PATHS = "$(inherited) @executable_path/Frameworks";
				PRODUCT_BUNDLE_IDENTIFIER = "-65.-5645646";
				PRODUCT_NAME = "$(TARGET_NAME)";
				SWIFT_VERSION = 3.0;
			};
			name = Release;
		};
		1FFE41B71EFBAE2E0049B005 /* Debug */ = {
			isa = XCBuildConfiguration;
			buildSettings = {
				ALWAYS_EMBED_SWIFT_STANDARD_LIBRARIES = YES;
				BUNDLE_LOADER = "$(TEST_HOST)";
				INFOPLIST_FILE = 45645646Tests/Info.plist;
				LD_RUNPATH_SEARCH_PATHS = "$(inherited) @executable_path/Frameworks @loader_path/Frameworks";
				PRODUCT_BUNDLE_IDENTIFIER = "-65.-5645646Tests";
				PRODUCT_NAME = "$(TARGET_NAME)";
				SWIFT_VERSION = 3.0;
				TEST_HOST = "$(BUILT_PRODUCTS_DIR)/45645646.app/45645646";
			};
			name = Debug;
		};
		1FFE41B81EFBAE2E0049B005 /* Release */ = {
			isa = XCBuildConfiguration;
			buildSettings = {
				ALWAYS_EMBED_SWIFT_STANDARD_LIBRARIES = YES;
				BUNDLE_LOADER = "$(TEST_HOST)";
				INFOPLIST_FILE = 45645646Tests/Info.plist;
				LD_RUNPATH_SEARCH_PATHS = "$(inherited) @executable_path/Frameworks @loader_path/Frameworks";
				PRODUCT_BUNDLE_IDENTIFIER = "-65.-5645646Tests";
				PRODUCT_NAME = "$(TARGET_NAME)";
				SWIFT_VERSION = 3.0;
				TEST_HOST = "$(BUILT_PRODUCTS_DIR)/45645646.app/45645646";
			};
			name = Release;
		};
		1FFE41BA1EFBAE2E0049B005 /* Debug */ = {
			isa = XCBuildConfiguration;
			buildSettings = {
				ALWAYS_EMBED_SWIFT_STANDARD_LIBRARIES = YES;
				INFOPLIST_FILE = 45645646UITests/Info.plist;
				LD_RUNPATH_SEARCH_PATHS = "$(inherited) @executable_path/Frameworks @loader_path/Frameworks";
				PRODUCT_BUNDLE_IDENTIFIER = "-65.-5645646UITests";
				PRODUCT_NAME = "$(TARGET_NAME)";
				SWIFT_VERSION = 3.0;
				TEST_TARGET_NAME = 45645646;
			};
			name = Debug;
		};
		1FFE41BB1EFBAE2E0049B005 /* Release */ = {
			isa = XCBuildConfiguration;
			buildSettings = {
				ALWAYS_EMBED_SWIFT_STANDARD_LIBRARIES = YES;
				INFOPLIST_FILE = 45645646UITests/Info.plist;
				LD_RUNPATH_SEARCH_PATHS = "$(inherited) @executable_path/Frameworks @loader_path/Frameworks";
				PRODUCT_BUNDLE_IDENTIFIER = "-65.-5645646UITests";
				PRODUCT_NAME = "$(TARGET_NAME)";
				SWIFT_VERSION = 3.0;
				TEST_TARGET_NAME = 45645646;
			};
			name = Release;
		};
/* End XCBuildConfiguration section */

/* Begin XCConfigurationList section */
		1FFE41861EFBAE2E0049B005 /* Build configuration list for PBXProject "45645646" */ = {
			isa = XCConfigurationList;
			buildConfigurations = (
				1FFE41B11EFBAE2E0049B005 /* Debug */,
				1FFE41B21EFBAE2E0049B005 /* Release */,
			);
			defaultConfigurationIsVisible = 0;
			defaultConfigurationName = Release;
		};
		1FFE41B31EFBAE2E0049B005 /* Build configuration list for PBXNativeTarget "45645646" */ = {
			isa = XCConfigurationList;
			buildConfigurations = (
				1FFE41B41EFBAE2E0049B005 /* Debug */,
				1FFE41B51EFBAE2E0049B005 /* Release */,
			);
			defaultConfigurationIsVisible = 0;
		};
		1FFE41B61EFBAE2E0049B005 /* Build configuration list for PBXNativeTarget "45645646Tests" */ = {
			isa = XCConfigurationList;
			buildConfigurations = (
				1FFE41B71EFBAE2E0049B005 /* Debug */,
				1FFE41B81EFBAE2E0049B005 /* Release */,
			);
			defaultConfigurationIsVisible = 0;
		};
		1FFE41B91EFBAE2E0049B005 /* Build configuration list for PBXNativeTarget "45645646UITests" */ = {
			isa = XCConfigurationList;
			buildConfigurations = (
				1FFE41BA1EFBAE2E0049B005 /* Debug */,
				1FFE41BB1EFBAE2E0049B005 /* Release */,
			);
			defaultConfigurationIsVisible = 0;
		};
/* End XCConfigurationList section */
	};
	rootObject = 1FFE41831EFBAE2E0049B005 /* Project object */;
}
